
Microsoft Visual Studio Solution File, Format Version 12.00
# Visual Studio Version 16
VisualStudioVersion = 16.0.30204.135
MinimumVisualStudioVersion = 10.0.40219.1
Project("{8BC9CEB8-8B4A-11D0-8D11-00A0C91BC942}") = "结构体", "结构体.vcxproj", "{9CED86E7-1D96-422E-A2E7-DE1C7AD34902}"
EndProject
Global
	GlobalSection(SolutionConfigurationPlatforms) = preSolution
		Debug|x64 = Debug|x64
		Debug|x86 = Debug|x86
		Release|x64 = Release|x64
		Release|x86 = Release|x86
	EndGlobalSection
	GlobalSection(ProjectConfigurationPlatforms) = postSolution
		{9CED86E7-1D96-422E-A2E7-DE1C7AD34902}.Debug|x64.ActiveCfg = Debug|x64
		{9CED86E7-1D96-422E-A2E7-DE1C7AD34902}.Debug|x64.Build.0 = Debug|x64
		{9CED86E7-1D96-422E-A2E7-DE1C7AD34902}.Debug|x86.ActiveCfg = Debug|Win32
		{9CED86E7-1D96-422E-A2E7-DE1C7AD34902}.Debug|x86.Build.0 = Debug|Win32
		{9CED86E7-1D96-422E-A2E7-DE1C7AD34902}.Release|x64.ActiveCfg = Release|x64
		{9CED86E7-1D96-422E-A2E7-DE1C7AD34902}.Release|x64.Build.0 = Release|x64
		{9CED86E7-1D96-422E-A2E7-DE1C7AD34902}.Release|x86.ActiveCfg = Release|Win32
		{9CED86E7-1D96-422E-A2E7-DE1C7AD34902}.Release|x86.Build.0 = Release|Win32
	EndGlobalSection
	GlobalSection(SolutionProperties) = preSolution
		HideSolutionNode = FALSE
	EndGlobalSection
	GlobalSection(ExtensibilityGlobals) = postSolution
		SolutionGuid = {0DE1C11C-7CA7-4422-985C-43F0DAEA1202}
	EndGlobalSection
EndGlobal
